{
  "name": "leptos-store-showcase",
  "lockfileVersion": 3,
  "requires": true,
  "packages": {
    "": {
      "name": "leptos-store-showcase",
      "dependencies": {
        "@cloudflare/containers": "^0.1.0"
      }
    },
    "node_modules/@cloudflare/containers": {
      "version": "0.1.0",
      "resolved": "https://registry.npmjs.org/@cloudflare/containers/-/containers-0.1.0.tgz",
      "integrity": "sha512-nuXnmkpJZzbjYdguRI2hB0sw1QCBMWdNuGDNQwEiJSLebtKRFpBt/d6AStGjp+8wGD2plPbd2U/mQerYF9kzJg==",
      "license": "ISC"
    }
  }
}
